{
    "_meta": {
        "hash": {
            "sha256": "d2d90667a448d35bfa46954e84f0ded77c2008da725d160502bfa46d24503ee3"
        },
        "pipfile-spec": 6,
        "requires": {
            "python_version": "3.11"
        },
        "sources": [
            {
                "name": "pypi",
                "url": "https://pypi.org/simple",
                "verify_ssl": true
            }
        ]
    },
    "default": {
        "python-dotenv": {
            "hashes": [
                "sha256:1d8214789a24de455a8b8bd8ae6fe3c6b69a5e3d64aa8a8e5d68e694bbcb285a",
                "sha256:2c371a91fbd7ba082c2c1dc1f8bf89ca22564a087c2c287cd9b662adde799cf3"
            ],
            "index": "pypi",
            "markers": "python_version >= '3.10'",
            "version": "==1.2.2"
        }
    },
    "develop": {}
}
